// !$*UTF8*$!
{
	archiveVersion = 1;
	classes = {
	};
	objectVersion = 56;
	objects = {

/* Begin PBXBuildFile section */
		8F992B842CAECC9C0065AEC0 /* Bootcamp2App.swift in Sources */ = {isa = PBXBuildFile; fileRef = 8F992B832CAECC9C0065AEC0 /* Bootcamp2App.swift */; };
		8F992B862CAECC9C0065AEC0 /* ContentView.swift in Sources */ = {isa = PBXBuildFile; fileRef = 8F992B852CAECC9C0065AEC0 /* ContentView.swift */; };
		8F992B882CAECC9D0065AEC0 /* Assets.xcassets in Resources */ = {isa = PBXBuildFile; fileRef = 8F992B872CAECC9D0065AEC0 /* Assets.xcassets */; };
		8F992B8B2CAECC9D0065AEC0 /* Preview Assets.xcassets in Resources */ = {isa = PBXBuildFile; fileRef = 8F992B8A2CAECC9D0065AEC0 /* Preview Assets.xcassets */; };
		8F992B922CAECD080065AEC0 /* Bootcamp21_LongPressGesture.swift in Sources */ = {isa = PBXBuildFile; fileRef = 8F992B912CAECD080065AEC0 /* Bootcamp21_LongPressGesture.swift */; };
		8FA8C13F2CBB9507005CF0DD /* Bootcamp212_Hashable.swift in Sources */ = {isa = PBXBuildFile; fileRef = 8FA8C13E2CBB9507005CF0DD /* Bootcamp212_Hashable.swift */; };
		8FA8C1412CBB9ABA005CF0DD /* Bootcamp213_SortMapFilter.swift in Sources */ = {isa = PBXBuildFile; fileRef = 8FA8C1402CBB9ABA005CF0DD /* Bootcamp213_SortMapFilter.swift */; };
		8FC908E82CC0DF9800227299 /* Bootcomp219_TypeAlies.swift in Sources */ = {isa = PBXBuildFile; fileRef = 8FC908E72CC0DF9800227299 /* Bootcomp219_TypeAlies.swift */; };
		8FC908EA2CC1111800227299 /* Bootcamp220_EscapingClosure.swift in Sources */ = {isa = PBXBuildFile; fileRef = 8FC908E92CC1111800227299 /* Bootcamp220_EscapingClosure.swift */; };
		8FCF5B0E2CB1CE9200C2D519 /* Bootcamp23_RotationGesture.swift in Sources */ = {isa = PBXBuildFile; fileRef = 8FCF5B0D2CB1CE9200C2D519 /* Bootcamp23_RotationGesture.swift */; };
		8FD2F2982CB06A8800245F4F /* Bootcamp22_MagnificationGesture.swift in Sources */ = {isa = PBXBuildFile; fileRef = 8FD2F2972CB06A8800245F4F /* Bootcamp22_MagnificationGesture.swift */; };
		8FD721B92CBD492E00E7E66D /* Bootcamp214_FetchRequest.swift in Sources */ = {isa = PBXBuildFile; fileRef = 8FD721B82CBD492E00E7E66D /* Bootcamp214_FetchRequest.swift */; };
		8FD721BB2CBD498100E7E66D /* Bootcamp217_ThreadsQueues.swift in Sources */ = {isa = PBXBuildFile; fileRef = 8FD721BA2CBD498100E7E66D /* Bootcamp217_ThreadsQueues.swift */; };
		8FD721BD2CBD5C6000E7E66D /* Bootcamp218_WeakSelf.swift in Sources */ = {isa = PBXBuildFile; fileRef = 8FD721BC2CBD5C6000E7E66D /* Bootcamp218_WeakSelf.swift */; };
		8FF0AEB72CB2BB8D00DAB858 /* Bootcamp25_ScrollViewReader.swift in Sources */ = {isa = PBXBuildFile; fileRef = 8FF0AEB62CB2BB8D00DAB858 /* Bootcamp25_ScrollViewReader.swift */; };
		8FF0AEBE2CB4531E00DAB858 /* Bootcamp26_GeometryReader.swift in Sources */ = {isa = PBXBuildFile; fileRef = 8FF0AEBD2CB4531E00DAB858 /* Bootcamp26_GeometryReader.swift */; };
		8FF0AEC02CB5D03E00DAB858 /* Bootcamp27_MultipleSheets.swift in Sources */ = {isa = PBXBuildFile; fileRef = 8FF0AEBF2CB5D03E00DAB858 /* Bootcamp27_MultipleSheets.swift */; };
		8FF0AEDE2CB7251D00DAB858 /* Bootcamp28_Masks.swift in Sources */ = {isa = PBXBuildFile; fileRef = 8FF0AEDD2CB7251D00DAB858 /* Bootcamp28_Masks.swift */; };
		8FF0AEE42CB854A600DAB858 /* Bootcamp29_Sounds.swift in Sources */ = {isa = PBXBuildFile; fileRef = 8FF0AEE32CB854A600DAB858 /* Bootcamp29_Sounds.swift */; };
		8FF0AEE72CB8578100DAB858 /* tadam.mp3 in Resources */ = {isa = PBXBuildFile; fileRef = 8FF0AEE62CB8578100DAB858 /* tadam.mp3 */; };
		8FF0AEE92CB8578800DAB858 /* badam.mp3 in Resources */ = {isa = PBXBuildFile; fileRef = 8FF0AEE82CB8578800DAB858 /* badam.mp3 */; };
/* End PBXBuildFile section */

/* Begin PBXFileReference section */
		8F992B802CAECC9C0065AEC0 /* Bootcamp2.app */ = {isa = PBXFileReference; explicitFileType = wrapper.application; includeInIndex = 0; path = Bootcamp2.app; sourceTree = BUILT_PRODUCTS_DIR; };
		8F992B832CAECC9C0065AEC0 /* Bootcamp2App.swift */ = {isa = PBXFileReference; lastKnownFileType = sourcecode.swift; path = Bootcamp2App.swift; sourceTree = "<group>"; };
		8F992B852CAECC9C0065AEC0 /* ContentView.swift */ = {isa = PBXFileReference; lastKnownFileType = sourcecode.swift; path = ContentView.swift; sourceTree = "<group>"; };
		8F992B872CAECC9D0065AEC0 /* Assets.xcassets */ = {isa = PBXFileReference; lastKnownFileType = folder.assetcatalog; path = Assets.xcassets; sourceTree = "<group>"; };
		8F992B8A2CAECC9D0065AEC0 /* Preview Assets.xcassets */ = {isa = PBXFileReference; lastKnownFileType = folder.assetcatalog; path = "Preview Assets.xcassets"; sourceTree = "<group>"; };
		8F992B912CAECD080065AEC0 /* Bootcamp21_LongPressGesture.swift */ = {isa = PBXFileReference; lastKnownFileType = sourcecode.swift; path = Bootcamp21_LongPressGesture.swift; sourceTree = "<group>"; };
		8FA8C13E2CBB9507005CF0DD /* Bootcamp212_Hashable.swift */ = {isa = PBXFileReference; lastKnownFileType = sourcecode.swift; path = Bootcamp212_Hashable.swift; sourceTree = "<group>"; };
		8FA8C1402CBB9ABA005CF0DD /* Bootcamp213_SortMapFilter.swift */ = {isa = PBXFileReference; lastKnownFileType = sourcecode.swift; path = Bootcamp213_SortMapFilter.swift; sourceTree = "<group>"; };
		8FC908E72CC0DF9800227299 /* Bootcomp219_TypeAlies.swift */ = {isa = PBXFileReference; lastKnownFileType = sourcecode.swift; path = Bootcomp219_TypeAlies.swift; sourceTree = "<group>"; };
		8FC908E92CC1111800227299 /* Bootcamp220_EscapingClosure.swift */ = {isa = PBXFileReference; lastKnownFileType = sourcecode.swift; path = Bootcamp220_EscapingClosure.swift; sourceTree = "<group>"; };
		8FCF5B0D2CB1CE9200C2D519 /* Bootcamp23_RotationGesture.swift */ = {isa = PBXFileReference; lastKnownFileType = sourcecode.swift; path = Bootcamp23_RotationGesture.swift; sourceTree = "<group>"; };
		8FD2F2972CB06A8800245F4F /* Bootcamp22_MagnificationGesture.swift */ = {isa = PBXFileReference; lastKnownFileType = sourcecode.swift; path = Bootcamp22_MagnificationGesture.swift; sourceTree = "<group>"; };
		8FD721B82CBD492E00E7E66D /* Bootcamp214_FetchRequest.swift */ = {isa = PBXFileReference; lastKnownFileType = sourcecode.swift; path = Bootcamp214_FetchRequest.swift; sourceTree = "<group>"; };
		8FD721BA2CBD498100E7E66D /* Bootcamp217_ThreadsQueues.swift */ = {isa = PBXFileReference; lastKnownFileType = sourcecode.swift; path = Bootcamp217_ThreadsQueues.swift; sourceTree = "<group>"; };
		8FD721BC2CBD5C6000E7E66D /* Bootcamp218_WeakSelf.swift */ = {isa = PBXFileReference; lastKnownFileType = sourcecode.swift; path = Bootcamp218_WeakSelf.swift; sourceTree = "<group>"; };
		8FF0AEB62CB2BB8D00DAB858 /* Bootcamp25_ScrollViewReader.swift */ = {isa = PBXFileReference; lastKnownFileType = sourcecode.swift; path = Bootcamp25_ScrollViewReader.swift; sourceTree = "<group>"; };
		8FF0AEBD2CB4531E00DAB858 /* Bootcamp26_GeometryReader.swift */ = {isa = PBXFileReference; lastKnownFileType = sourcecode.swift; path = Bootcamp26_GeometryReader.swift; sourceTree = "<group>"; };
		8FF0AEBF2CB5D03E00DAB858 /* Bootcamp27_MultipleSheets.swift */ = {isa = PBXFileReference; lastKnownFileType = sourcecode.swift; path = Bootcamp27_MultipleSheets.swift; sourceTree = "<group>"; };
		8FF0AEDD2CB7251D00DAB858 /* Bootcamp28_Masks.swift */ = {isa = PBXFileReference; lastKnownFileType = sourcecode.swift; path = Bootcamp28_Masks.swift; sourceTree = "<group>"; };
		8FF0AEE32CB854A600DAB858 /* Bootcamp29_Sounds.swift */ = {isa = PBXFileReference; lastKnownFileType = sourcecode.swift; path = Bootcamp29_Sounds.swift; sourceTree = "<group>"; };
		8FF0AEE62CB8578100DAB858 /* tadam.mp3 */ = {isa = PBXFileReference; lastKnownFileType = audio.mp3; name = tadam.mp3; path = "../../../../../Downloads/tada-sound/tadam.mp3"; sourceTree = "<group>"; };
		8FF0AEE82CB8578800DAB858 /* badam.mp3 */ = {isa = PBXFileReference; lastKnownFileType = audio.mp3; name = badam.mp3; path = ../../../../../Downloads/badam.mp3; sourceTree = "<group>"; };
/* End PBXFileReference section */

/* Begin PBXFrameworksBuildPhase section */
		8F992B7D2CAECC9C0065AEC0 /* Frameworks */ = {
			isa = PBXFrameworksBuildPhase;
			buildActionMask = 2147483647;
			files = (
			);
			runOnlyForDeploymentPostprocessing = 0;
		};
/* End PBXFrameworksBuildPhase section */

/* Begin PBXGroup section */
		8F992B772CAECC9C0065AEC0 = {
			isa = PBXGroup;
			children = (
				8F992B822CAECC9C0065AEC0 /* Bootcamp2 */,
				8F992B812CAECC9C0065AEC0 /* Products */,
			);
			sourceTree = "<group>";
		};
		8F992B812CAECC9C0065AEC0 /* Products */ = {
			isa = PBXGroup;
			children = (
				8F992B802CAECC9C0065AEC0 /* Bootcamp2.app */,
			);
			name = Products;
			sourceTree = "<group>";
		};
		8F992B822CAECC9C0065AEC0 /* Bootcamp2 */ = {
			isa = PBXGroup;
			children = (
				8F992B832CAECC9C0065AEC0 /* Bootcamp2App.swift */,
				8F992B912CAECD080065AEC0 /* Bootcamp21_LongPressGesture.swift */,
				8FD2F2972CB06A8800245F4F /* Bootcamp22_MagnificationGesture.swift */,
				8FCF5B0D2CB1CE9200C2D519 /* Bootcamp23_RotationGesture.swift */,
				8FF0AEB62CB2BB8D00DAB858 /* Bootcamp25_ScrollViewReader.swift */,
				8FF0AEBD2CB4531E00DAB858 /* Bootcamp26_GeometryReader.swift */,
				8FF0AEBF2CB5D03E00DAB858 /* Bootcamp27_MultipleSheets.swift */,
				8FF0AEDD2CB7251D00DAB858 /* Bootcamp28_Masks.swift */,
				8FF0AEE32CB854A600DAB858 /* Bootcamp29_Sounds.swift */,
				8FA8C13E2CBB9507005CF0DD /* Bootcamp212_Hashable.swift */,
				8FA8C1402CBB9ABA005CF0DD /* Bootcamp213_SortMapFilter.swift */,
				8FD721B82CBD492E00E7E66D /* Bootcamp214_FetchRequest.swift */,
				8FD721BA2CBD498100E7E66D /* Bootcamp217_ThreadsQueues.swift */,
				8FD721BC2CBD5C6000E7E66D /* Bootcamp218_WeakSelf.swift */,
				8FC908E72CC0DF9800227299 /* Bootcomp219_TypeAlies.swift */,
				8FC908E92CC1111800227299 /* Bootcamp220_EscapingClosure.swift */,
				8F992B852CAECC9C0065AEC0 /* ContentView.swift */,
				8FF0AEE52CB8576500DAB858 /* Sounds */,
				8F992B872CAECC9D0065AEC0 /* Assets.xcassets */,
				8F992B892CAECC9D0065AEC0 /* Preview Content */,
			);
			path = Bootcamp2;
			sourceTree = "<group>";
		};
		8F992B892CAECC9D0065AEC0 /* Preview Content */ = {
			isa = PBXGroup;
			children = (
				8F992B8A2CAECC9D0065AEC0 /* Preview Assets.xcassets */,
			);
			path = "Preview Content";
			sourceTree = "<group>";
		};
		8FF0AEE52CB8576500DAB858 /* Sounds */ = {
			isa = PBXGroup;
			children = (
				8FF0AEE82CB8578800DAB858 /* badam.mp3 */,
				8FF0AEE62CB8578100DAB858 /* tadam.mp3 */,
			);
			path = Sounds;
			sourceTree = "<group>";
		};
/* End PBXGroup section */

/* Begin PBXNativeTarget section */
		8F992B7F2CAECC9C0065AEC0 /* Bootcamp2 */ = {
			isa = PBXNativeTarget;
			buildConfigurationList = 8F992B8E2CAECC9D0065AEC0 /* Build configuration list for PBXNativeTarget "Bootcamp2" */;
			buildPhases = (
				8F992B7C2CAECC9C0065AEC0 /* Sources */,
				8F992B7D2CAECC9C0065AEC0 /* Frameworks */,
				8F992B7E2CAECC9C0065AEC0 /* Resources */,
			);
			buildRules = (
			);
			dependencies = (
			);
			name = Bootcamp2;
			productName = Bootcamp2;
			productReference = 8F992B802CAECC9C0065AEC0 /* Bootcamp2.app */;
			productType = "com.apple.product-type.application";
		};
/* End PBXNativeTarget section */

/* Begin PBXProject section */
		8F992B782CAECC9C0065AEC0 /* Project object */ = {
			isa = PBXProject;
			attributes = {
				BuildIndependentTargetsInParallel = 1;
				LastSwiftUpdateCheck = 1540;
				LastUpgradeCheck = 1540;
				TargetAttributes = {
					8F992B7F2CAECC9C0065AEC0 = {
						CreatedOnToolsVersion = 15.4;
					};
				};
			};
			buildConfigurationList = 8F992B7B2CAECC9C0065AEC0 /* Build configuration list for PBXProject "Bootcamp2" */;
			compatibilityVersion = "Xcode 14.0";
			developmentRegion = en;
			hasScannedForEncodings = 0;
			knownRegions = (
				en,
				Base,
			);
			mainGroup = 8F992B772CAECC9C0065AEC0;
			productRefGroup = 8F992B812CAECC9C0065AEC0 /* Products */;
			projectDirPath = "";
			projectRoot = "";
			targets = (
				8F992B7F2CAECC9C0065AEC0 /* Bootcamp2 */,
			);
		};
/* End PBXProject section */

/* Begin PBXResourcesBuildPhase section */
		8F992B7E2CAECC9C0065AEC0 /* Resources */ = {
			isa = PBXResourcesBuildPhase;
			buildActionMask = 2147483647;
			files = (
				8FF0AEE92CB8578800DAB858 /* badam.mp3 in Resources */,
				8F992B8B2CAECC9D0065AEC0 /* Preview Assets.xcassets in Resources */,
				8F992B882CAECC9D0065AEC0 /* Assets.xcassets in Resources */,
				8FF0AEE72CB8578100DAB858 /* tadam.mp3 in Resources */,
			);
			runOnlyForDeploymentPostprocessing = 0;
		};
/* End PBXResourcesBuildPhase section */

/* Begin PBXSourcesBuildPhase section */
		8F992B7C2CAECC9C0065AEC0 /* Sources */ = {
			isa = PBXSourcesBuildPhase;
			buildActionMask = 2147483647;
			files = (
				8FA8C1412CBB9ABA005CF0DD /* Bootcamp213_SortMapFilter.swift in Sources */,
				8FD721BB2CBD498100E7E66D /* Bootcamp217_ThreadsQueues.swift in Sources */,
				8FF0AEDE2CB7251D00DAB858 /* Bootcamp28_Masks.swift in Sources */,
				8FD721B92CBD492E00E7E66D /* Bootcamp214_FetchRequest.swift in Sources */,
				8FC908E82CC0DF9800227299 /* Bootcomp219_TypeAlies.swift in Sources */,
				8FD721BD2CBD5C6000E7E66D /* Bootcamp218_WeakSelf.swift in Sources */,
				8F992B862CAECC9C0065AEC0 /* ContentView.swift in Sources */,
				8FCF5B0E2CB1CE9200C2D519 /* Bootcamp23_RotationGesture.swift in Sources */,
				8FF0AEBE2CB4531E00DAB858 /* Bootcamp26_GeometryReader.swift in Sources */,
				8FC908EA2CC1111800227299 /* Bootcamp220_EscapingClosure.swift in Sources */,
				8FD2F2982CB06A8800245F4F /* Bootcamp22_MagnificationGesture.swift in Sources */,
				8FF0AEE42CB854A600DAB858 /* Bootcamp29_Sounds.swift in Sources */,
				8F992B922CAECD080065AEC0 /* Bootcamp21_LongPressGesture.swift in Sources */,
				8FF0AEB72CB2BB8D00DAB858 /* Bootcamp25_ScrollViewReader.swift in Sources */,
				8FA8C13F2CBB9507005CF0DD /* Bootcamp212_Hashable.swift in Sources */,
				8F992B842CAECC9C0065AEC0 /* Bootcamp2App.swift in Sources */,
				8FF0AEC02CB5D03E00DAB858 /* Bootcamp27_MultipleSheets.swift in Sources */,
			);
			runOnlyForDeploymentPostprocessing = 0;
		};
/* End PBXSourcesBuildPhase section */

/* Begin XCBuildConfiguration section */
		8F992B8C2CAECC9D0065AEC0 /* Debug */ = {
			isa = XCBuildConfiguration;
			buildSettings = {
				ALWAYS_SEARCH_USER_PATHS = NO;
				ASSETCATALOG_COMPILER_GENERATE_SWIFT_ASSET_SYMBOL_EXTENSIONS = YES;
				CLANG_ANALYZER_NONNULL = YES;
				CLANG_ANALYZER_NUMBER_OBJECT_CONVERSION = YES_AGGRESSIVE;
				CLANG_CXX_LANGUAGE_STANDARD = "gnu++20";
				CLANG_ENABLE_MODULES = YES;
				CLANG_ENABLE_OBJC_ARC = YES;
				CLANG_ENABLE_OBJC_WEAK = YES;
				CLANG_WARN_BLOCK_CAPTURE_AUTORELEASING = YES;
				CLANG_WARN_BOOL_CONVERSION = YES;
				CLANG_WARN_COMMA = YES;
				CLANG_WARN_CONSTANT_CONVERSION = YES;
				CLANG_WARN_DEPRECATED_OBJC_IMPLEMENTATIONS = YES;
				CLANG_WARN_DIRECT_OBJC_ISA_USAGE = YES_ERROR;
				CLANG_WARN_DOCUMENTATION_COMMENTS = YES;
				CLANG_WARN_EMPTY_BODY = YES;
				CLANG_WARN_ENUM_CONVERSION = YES;
				CLANG_WARN_INFINITE_RECURSION = YES;
				CLANG_WARN_INT_CONVERSION = YES;
				CLANG_WARN_NON_LITERAL_NULL_CONVERSION = YES;
				CLANG_WARN_OBJC_IMPLICIT_RETAIN_SELF = YES;
				CLANG_WARN_OBJC_LITERAL_CONVERSION = YES;
				CLANG_WARN_OBJC_ROOT_CLASS = YES_ERROR;
				CLANG_WARN_QUOTED_INCLUDE_IN_FRAMEWORK_HEADER = YES;
				CLANG_WARN_RANGE_LOOP_ANALYSIS = YES;
				CLANG_WARN_STRICT_PROTOTYPES = YES;
				CLANG_WARN_SUSPICIOUS_MOVE = YES;
				CLANG_WARN_UNGUARDED_AVAILABILITY = YES_AGGRESSIVE;
				CLANG_WARN_UNREACHABLE_CODE = YES;
				CLANG_WARN__DUPLICATE_METHOD_MATCH = YES;
				COPY_PHASE_STRIP = NO;
				DEBUG_INFORMATION_FORMAT = dwarf;
				ENABLE_STRICT_OBJC_MSGSEND = YES;
				ENABLE_TESTABILITY = YES;
				ENABLE_USER_SCRIPT_SANDBOXING = YES;
				GCC_C_LANGUAGE_STANDARD = gnu17;
				GCC_DYNAMIC_NO_PIC = NO;
				GCC_NO_COMMON_BLOCKS = YES;
				GCC_OPTIMIZATION_LEVEL = 0;
				GCC_PREPROCESSOR_DEFINITIONS = (
					"DEBUG=1",
					"$(inherited)",
				);
				GCC_WARN_64_TO_32_BIT_CONVERSION = YES;
				GCC_WARN_ABOUT_RETURN_TYPE = YES_ERROR;
				GCC_WARN_UNDECLARED_SELECTOR = YES;
				GCC_WARN_UNINITIALIZED_AUTOS = YES_AGGRESSIVE;
				GCC_WARN_UNUSED_FUNCTION = YES;
				GCC_WARN_UNUSED_VARIABLE = YES;
				IPHONEOS_DEPLOYMENT_TARGET = 17.5;
				LOCALIZATION_PREFERS_STRING_CATALOGS = YES;
				MTL_ENABLE_DEBUG_INFO = INCLUDE_SOURCE;
				MTL_FAST_MATH = YES;
				ONLY_ACTIVE_ARCH = YES;
				SDKROOT = iphoneos;
				SWIFT_ACTIVE_COMPILATION_CONDITIONS = "DEBUG $(inherited)";
				SWIFT_OPTIMIZATION_LEVEL = "-Onone";
			};
			name = Debug;
		};
		8F992B8D2CAECC9D0065AEC0 /* Release */ = {
			isa = XCBuildConfiguration;
			buildSettings = {
				ALWAYS_SEARCH_USER_PATHS = NO;
				ASSETCATALOG_COMPILER_GENERATE_SWIFT_ASSET_SYMBOL_EXTENSIONS = YES;
				CLANG_ANALYZER_NONNULL = YES;
				CLANG_ANALYZER_NUMBER_OBJECT_CONVERSION = YES_AGGRESSIVE;
				CLANG_CXX_LANGUAGE_STANDARD = "gnu++20";
				CLANG_ENABLE_MODULES = YES;
				CLANG_ENABLE_OBJC_ARC = YES;
				CLANG_ENABLE_OBJC_WEAK = YES;
				CLANG_WARN_BLOCK_CAPTURE_AUTORELEASING = YES;
				CLANG_WARN_BOOL_CONVERSION = YES;
				CLANG_WARN_COMMA = YES;
				CLANG_WARN_CONSTANT_CONVERSION = YES;
				CLANG_WARN_DEPRECATED_OBJC_IMPLEMENTATIONS = YES;
				CLANG_WARN_DIRECT_OBJC_ISA_USAGE = YES_ERROR;
				CLANG_WARN_DOCUMENTATION_COMMENTS = YES;
				CLANG_WARN_EMPTY_BODY = YES;
				CLANG_WARN_ENUM_CONVERSION = YES;
				CLANG_WARN_INFINITE_RECURSION = YES;
				CLANG_WARN_INT_CONVERSION = YES;
				CLANG_WARN_NON_LITERAL_NULL_CONVERSION = YES;
				CLANG_WARN_OBJC_IMPLICIT_RETAIN_SELF = YES;
				CLANG_WARN_OBJC_LITERAL_CONVERSION = YES;
				CLANG_WARN_OBJC_ROOT_CLASS = YES_ERROR;
				CLANG_WARN_QUOTED_INCLUDE_IN_FRAMEWORK_HEADER = YES;
				CLANG_WARN_RANGE_LOOP_ANALYSIS = YES;
				CLANG_WARN_STRICT_PROTOTYPES = YES;
				CLANG_WARN_SUSPICIOUS_MOVE = YES;
				CLANG_WARN_UNGUARDED_AVAILABILITY = YES_AGGRESSIVE;
				CLANG_WARN_UNREACHABLE_CODE = YES;
				CLANG_WARN__DUPLICATE_METHOD_MATCH = YES;
				COPY_PHASE_STRIP = NO;
				DEBUG_INFORMATION_FORMAT = "dwarf-with-dsym";
				ENABLE_NS_ASSERTIONS = NO;
				ENABLE_STRICT_OBJC_MSGSEND = YES;
				ENABLE_USER_SCRIPT_SANDBOXING = YES;
				GCC_C_LANGUAGE_STANDARD = gnu17;
				GCC_NO_COMMON_BLOCKS = YES;
				GCC_WARN_64_TO_32_BIT_CONVERSION = YES;
				GCC_WARN_ABOUT_RETURN_TYPE = YES_ERROR;
				GCC_WARN_UNDECLARED_SELECTOR = YES;
				GCC_WARN_UNINITIALIZED_AUTOS = YES_AGGRESSIVE;
				GCC_WARN_UNUSED_FUNCTION = YES;
				GCC_WARN_UNUSED_VARIABLE = YES;
				IPHONEOS_DEPLOYMENT_TARGET = 17.5;
				LOCALIZATION_PREFERS_STRING_CATALOGS = YES;
				MTL_ENABLE_DEBUG_INFO = NO;
				MTL_FAST_MATH = YES;
				SDKROOT = iphoneos;
				SWIFT_COMPILATION_MODE = wholemodule;
				VALIDATE_PRODUCT = YES;
			};
			name = Release;
		};
		8F992B8F2CAECC9D0065AEC0 /* Debug */ = {
			isa = XCBuildConfiguration;
			buildSettings = {
				ASSETCATALOG_COMPILER_APPICON_NAME = AppIcon;
				ASSETCATALOG_COMPILER_GLOBAL_ACCENT_COLOR_NAME = AccentColor;
				CODE_SIGN_STYLE = Automatic;
				CURRENT_PROJECT_VERSION = 1;
				DEVELOPMENT_ASSET_PATHS = "\"Bootcamp2/Preview Content\"";
				ENABLE_PREVIEWS = YES;
				GENERATE_INFOPLIST_FILE = YES;
				INFOPLIST_KEY_UIApplicationSceneManifest_Generation = YES;
				INFOPLIST_KEY_UIApplicationSupportsIndirectInputEvents = YES;
				INFOPLIST_KEY_UILaunchScreen_Generation = YES;
				INFOPLIST_KEY_UISupportedInterfaceOrientations_iPad = "UIInterfaceOrientationPortrait UIInterfaceOrientationPortraitUpsideDown UIInterfaceOrientationLandscapeLeft UIInterfaceOrientationLandscapeRight";
				INFOPLIST_KEY_UISupportedInterfaceOrientations_iPhone = "UIInterfaceOrientationPortrait UIInterfaceOrientationLandscapeLeft UIInterfaceOrientationLandscapeRight";
				LD_RUNPATH_SEARCH_PATHS = (
					"$(inherited)",
					"@executable_path/Frameworks",
				);
				MARKETING_VERSION = 1.0;
				PRODUCT_BUNDLE_IDENTIFIER = com.aitkazindev.Bootcamp2;
				PRODUCT_NAME = "$(TARGET_NAME)";
				SWIFT_EMIT_LOC_STRINGS = YES;
				SWIFT_VERSION = 5.0;
				TARGETED_DEVICE_FAMILY = "1,2";
			};
			name = Debug;
		};
		8F992B902CAECC9D0065AEC0 /* Release */ = {
			isa = XCBuildConfiguration;
			buildSettings = {
				ASSETCATALOG_COMPILER_APPICON_NAME = AppIcon;
				ASSETCATALOG_COMPILER_GLOBAL_ACCENT_COLOR_NAME = AccentColor;
				CODE_SIGN_STYLE = Automatic;
				CURRENT_PROJECT_VERSION = 1;
				DEVELOPMENT_ASSET_PATHS = "\"Bootcamp2/Preview Content\"";
				ENABLE_PREVIEWS = YES;
				GENERATE_INFOPLIST_FILE = YES;
				INFOPLIST_KEY_UIApplicationSceneManifest_Generation = YES;
				INFOPLIST_KEY_UIApplicationSupportsIndirectInputEvents = YES;
				INFOPLIST_KEY_UILaunchScreen_Generation = YES;
				INFOPLIST_KEY_UISupportedInterfaceOrientations_iPad = "UIInterfaceOrientationPortrait UIInterfaceOrientationPortraitUpsideDown UIInterfaceOrientationLandscapeLeft UIInterfaceOrientationLandscapeRight";
				INFOPLIST_KEY_UISupportedInterfaceOrientations_iPhone = "UIInterfaceOrientationPortrait UIInterfaceOrientationLandscapeLeft UIInterfaceOrientationLandscapeRight";
				LD_RUNPATH_SEARCH_PATHS = (
					"$(inherited)",
					"@executable_path/Frameworks",
				);
				MARKETING_VERSION = 1.0;
				PRODUCT_BUNDLE_IDENTIFIER = com.aitkazindev.Bootcamp2;
				PRODUCT_NAME = "$(TARGET_NAME)";
				SWIFT_EMIT_LOC_STRINGS = YES;
				SWIFT_VERSION = 5.0;
				TARGETED_DEVICE_FAMILY = "1,2";
			};
			name = Release;
		};
/* End XCBuildConfiguration section */

/* Begin XCConfigurationList section */
		8F992B7B2CAECC9C0065AEC0 /* Build configuration list for PBXProject "Bootcamp2" */ = {
			isa = XCConfigurationList;
			buildConfigurations = (
				8F992B8C2CAECC9D0065AEC0 /* Debug */,
				8F992B8D2CAECC9D0065AEC0 /* Release */,
			);
			defaultConfigurationIsVisible = 0;
			defaultConfigurationName = Release;
		};
		8F992B8E2CAECC9D0065AEC0 /* Build configuration list for PBXNativeTarget "Bootcamp2" */ = {
			isa = XCConfigurationList;
			buildConfigurations = (
				8F992B8F2CAECC9D0065AEC0 /* Debug */,
				8F992B902CAECC9D0065AEC0 /* Release */,
			);
			defaultConfigurationIsVisible = 0;
			defaultConfigurationName = Release;
		};
/* End XCConfigurationList section */
	};
	rootObject = 8F992B782CAECC9C0065AEC0 /* Project object */;
}
